// !$*UTF8*$!
{
	archiveVersion = 1;
	classes = {
	};
	objectVersion = 56;
	objects = {

/* Begin PBXBuildFile section */
		54A9BA572BE0915B00DC5F7B /* LandmarkList.swift in Sources */ = {isa = PBXBuildFile; fileRef = 54A9BA562BE0915B00DC5F7B /* LandmarkList.swift */; };
		54A9BA592BE0918A00DC5F7B /* LandmarkDetail.swift in Sources */ = {isa = PBXBuildFile; fileRef = 54A9BA582BE0918A00DC5F7B /* LandmarkDetail.swift */; };
		54DDAD682BE0B6C40088F2B3 /* CircleImage.swift in Sources */ = {isa = PBXBuildFile; fileRef = 54DDAD672BE0B6C40088F2B3 /* CircleImage.swift */; };
		54DDAD6A2BE0B6E50088F2B3 /* MapView.swift in Sources */ = {isa = PBXBuildFile; fileRef = 54DDAD692BE0B6E50088F2B3 /* MapView.swift */; };
		54DDAD6C2BE0B7170088F2B3 /* FavoriteButton.swift in Sources */ = {isa = PBXBuildFile; fileRef = 54DDAD6B2BE0B7170088F2B3 /* FavoriteButton.swift */; };
		54DDAD762BE363A90088F2B3 /* Badge.swift in Sources */ = {isa = PBXBuildFile; fileRef = 54DDAD752BE363A90088F2B3 /* Badge.swift */; };
		54DDAD792BE364990088F2B3 /* BadgeBackground.swift in Sources */ = {isa = PBXBuildFile; fileRef = 54DDAD782BE364990088F2B3 /* BadgeBackground.swift */; };
		54DDAD7B2BE364C50088F2B3 /* BadgeSymbol.swift in Sources */ = {isa = PBXBuildFile; fileRef = 54DDAD7A2BE364C50088F2B3 /* BadgeSymbol.swift */; };
		54DDAD7D2BE365280088F2B3 /* RotatedBadgeSymbol.swift in Sources */ = {isa = PBXBuildFile; fileRef = 54DDAD7C2BE365280088F2B3 /* RotatedBadgeSymbol.swift */; };
		54DDAD7F2BE3655A0088F2B3 /* HexagonParameters.swift in Sources */ = {isa = PBXBuildFile; fileRef = 54DDAD7E2BE3655A0088F2B3 /* HexagonParameters.swift */; };
		54DDAD812BE366160088F2B3 /* hikeData.json in Resources */ = {isa = PBXBuildFile; fileRef = 54DDAD802BE366160088F2B3 /* hikeData.json */; };
		54DDAD852BE366350088F2B3 /* Hike.swift in Sources */ = {isa = PBXBuildFile; fileRef = 54DDAD842BE366350088F2B3 /* Hike.swift */; };
		54DDAD8B2BE368530088F2B3 /* GraphCapsule.swift in Sources */ = {isa = PBXBuildFile; fileRef = 54DDAD862BE368530088F2B3 /* GraphCapsule.swift */; };
		54DDAD8C2BE368530088F2B3 /* HikeDetail.swift in Sources */ = {isa = PBXBuildFile; fileRef = 54DDAD872BE368530088F2B3 /* HikeDetail.swift */; };
		54DDAD8D2BE368530088F2B3 /* HikeGraph.swift in Sources */ = {isa = PBXBuildFile; fileRef = 54DDAD882BE368530088F2B3 /* HikeGraph.swift */; };
		54DDAD8E2BE368530088F2B3 /* HikeView.swift in Sources */ = {isa = PBXBuildFile; fileRef = 54DDAD892BE368530088F2B3 /* HikeView.swift */; };
		54E38EB52BE085C600E2DDC8 /* LandmarksApp.swift in Sources */ = {isa = PBXBuildFile; fileRef = 54E38EB42BE085C600E2DDC8 /* LandmarksApp.swift */; };
		54E38EB92BE085C700E2DDC8 /* Assets.xcassets in Resources */ = {isa = PBXBuildFile; fileRef = 54E38EB82BE085C700E2DDC8 /* Assets.xcassets */; };
		54E38EBC2BE085C700E2DDC8 /* Preview Assets.xcassets in Resources */ = {isa = PBXBuildFile; fileRef = 54E38EBB2BE085C700E2DDC8 /* Preview Assets.xcassets */; };
		54E38EC62BE085C700E2DDC8 /* LandmarksTests.swift in Sources */ = {isa = PBXBuildFile; fileRef = 54E38EC52BE085C700E2DDC8 /* LandmarksTests.swift */; };
		54E38ED02BE085C700E2DDC8 /* LandmarksUITests.swift in Sources */ = {isa = PBXBuildFile; fileRef = 54E38ECF2BE085C700E2DDC8 /* LandmarksUITests.swift */; };
		54E38ED22BE085C700E2DDC8 /* LandmarksUITestsLaunchTests.swift in Sources */ = {isa = PBXBuildFile; fileRef = 54E38ED12BE085C700E2DDC8 /* LandmarksUITestsLaunchTests.swift */; };
		54E38EE52BE08A7500E2DDC8 /* Landmark.swift in Sources */ = {isa = PBXBuildFile; fileRef = 54E38EE42BE08A7500E2DDC8 /* Landmark.swift */; };
		54E38EEB2BE08B5600E2DDC8 /* ModelData.swift in Sources */ = {isa = PBXBuildFile; fileRef = 54E38EEA2BE08B5600E2DDC8 /* ModelData.swift */; };
		54E8614D2BE0936300176ECE /* landmarkData.json in Resources */ = {isa = PBXBuildFile; fileRef = 54E8614C2BE0936300176ECE /* landmarkData.json */; };
		54FF2CBA2BE08C7E00A2DFB0 /* ContentView.swift in Sources */ = {isa = PBXBuildFile; fileRef = 54FF2CB92BE08C7E00A2DFB0 /* ContentView.swift */; };
		54FF2CC02BE08F2E00A2DFB0 /* LandmarkRow.swift in Sources */ = {isa = PBXBuildFile; fileRef = 54FF2CBF2BE08F2E00A2DFB0 /* LandmarkRow.swift */; };
/* End PBXBuildFile section */

/* Begin PBXContainerItemProxy section */
		54E38EC22BE085C700E2DDC8 /* PBXContainerItemProxy */ = {
			isa = PBXContainerItemProxy;
			containerPortal = 54E38EA92BE085C600E2DDC8 /* Project object */;
			proxyType = 1;
			remoteGlobalIDString = 54E38EB02BE085C600E2DDC8;
			remoteInfo = Landmarks;
		};
		54E38ECC2BE085C700E2DDC8 /* PBXContainerItemProxy */ = {
			isa = PBXContainerItemProxy;
			containerPortal = 54E38EA92BE085C600E2DDC8 /* Project object */;
			proxyType = 1;
			remoteGlobalIDString = 54E38EB02BE085C600E2DDC8;
			remoteInfo = Landmarks;
		};
/* End PBXContainerItemProxy section */

/* Begin PBXFileReference section */
		54A9BA562BE0915B00DC5F7B /* LandmarkList.swift */ = {isa = PBXFileReference; lastKnownFileType = sourcecode.swift; path = LandmarkList.swift; sourceTree = "<group>"; };
		54A9BA582BE0918A00DC5F7B /* LandmarkDetail.swift */ = {isa = PBXFileReference; lastKnownFileType = sourcecode.swift; path = LandmarkDetail.swift; sourceTree = "<group>"; };
		54DDAD672BE0B6C40088F2B3 /* CircleImage.swift */ = {isa = PBXFileReference; lastKnownFileType = sourcecode.swift; name = CircleImage.swift; path = Helper/CircleImage.swift; sourceTree = SOURCE_ROOT; };
		54DDAD692BE0B6E50088F2B3 /* MapView.swift */ = {isa = PBXFileReference; lastKnownFileType = sourcecode.swift; name = MapView.swift; path = Helper/MapView.swift; sourceTree = SOURCE_ROOT; };
		54DDAD6B2BE0B7170088F2B3 /* FavoriteButton.swift */ = {isa = PBXFileReference; lastKnownFileType = sourcecode.swift; name = FavoriteButton.swift; path = Helper/FavoriteButton.swift; sourceTree = SOURCE_ROOT; };
		54DDAD752BE363A90088F2B3 /* Badge.swift */ = {isa = PBXFileReference; lastKnownFileType = sourcecode.swift; path = Badge.swift; sourceTree = "<group>"; };
		54DDAD782BE364990088F2B3 /* BadgeBackground.swift */ = {isa = PBXFileReference; lastKnownFileType = sourcecode.swift; path = BadgeBackground.swift; sourceTree = "<group>"; };
		54DDAD7A2BE364C50088F2B3 /* BadgeSymbol.swift */ = {isa = PBXFileReference; lastKnownFileType = sourcecode.swift; path = BadgeSymbol.swift; sourceTree = "<group>"; };
		54DDAD7C2BE365280088F2B3 /* RotatedBadgeSymbol.swift */ = {isa = PBXFileReference; lastKnownFileType = sourcecode.swift; path = RotatedBadgeSymbol.swift; sourceTree = "<group>"; };
		54DDAD7E2BE3655A0088F2B3 /* HexagonParameters.swift */ = {isa = PBXFileReference; lastKnownFileType = sourcecode.swift; path = HexagonParameters.swift; sourceTree = "<group>"; };
		54DDAD802BE366160088F2B3 /* hikeData.json */ = {isa = PBXFileReference; fileEncoding = 4; lastKnownFileType = text.json; path = hikeData.json; sourceTree = "<group>"; };
		54DDAD842BE366350088F2B3 /* Hike.swift */ = {isa = PBXFileReference; lastKnownFileType = sourcecode.swift; path = Hike.swift; sourceTree = "<group>"; };
		54DDAD862BE368530088F2B3 /* GraphCapsule.swift */ = {isa = PBXFileReference; fileEncoding = 4; lastKnownFileType = sourcecode.swift; path = GraphCapsule.swift; sourceTree = "<group>"; };
		54DDAD872BE368530088F2B3 /* HikeDetail.swift */ = {isa = PBXFileReference; fileEncoding = 4; lastKnownFileType = sourcecode.swift; path = HikeDetail.swift; sourceTree = "<group>"; };
		54DDAD882BE368530088F2B3 /* HikeGraph.swift */ = {isa = PBXFileReference; fileEncoding = 4; lastKnownFileType = sourcecode.swift; path = HikeGraph.swift; sourceTree = "<group>"; };
		54DDAD892BE368530088F2B3 /* HikeView.swift */ = {isa = PBXFileReference; fileEncoding = 4; lastKnownFileType = sourcecode.swift; path = HikeView.swift; sourceTree = "<group>"; };
		54E38EB12BE085C600E2DDC8 /* Landmarks.app */ = {isa = PBXFileReference; explicitFileType = wrapper.application; includeInIndex = 0; path = Landmarks.app; sourceTree = BUILT_PRODUCTS_DIR; };
		54E38EB42BE085C600E2DDC8 /* LandmarksApp.swift */ = {isa = PBXFileReference; lastKnownFileType = sourcecode.swift; path = LandmarksApp.swift; sourceTree = "<group>"; };
		54E38EB82BE085C700E2DDC8 /* Assets.xcassets */ = {isa = PBXFileReference; lastKnownFileType = folder.assetcatalog; path = Assets.xcassets; sourceTree = "<group>"; };
		54E38EBB2BE085C700E2DDC8 /* Preview Assets.xcassets */ = {isa = PBXFileReference; lastKnownFileType = folder.assetcatalog; path = "Preview Assets.xcassets"; sourceTree = "<group>"; };
		54E38EC12BE085C700E2DDC8 /* LandmarksTests.xctest */ = {isa = PBXFileReference; explicitFileType = wrapper.cfbundle; includeInIndex = 0; path = LandmarksTests.xctest; sourceTree = BUILT_PRODUCTS_DIR; };
		54E38EC52BE085C700E2DDC8 /* LandmarksTests.swift */ = {isa = PBXFileReference; lastKnownFileType = sourcecode.swift; path = LandmarksTests.swift; sourceTree = "<group>"; };
		54E38ECB2BE085C700E2DDC8 /* LandmarksUITests.xctest */ = {isa = PBXFileReference; explicitFileType = wrapper.cfbundle; includeInIndex = 0; path = LandmarksUITests.xctest; sourceTree = BUILT_PRODUCTS_DIR; };
		54E38ECF2BE085C700E2DDC8 /* LandmarksUITests.swift */ = {isa = PBXFileReference; lastKnownFileType = sourcecode.swift; path = LandmarksUITests.swift; sourceTree = "<group>"; };
		54E38ED12BE085C700E2DDC8 /* LandmarksUITestsLaunchTests.swift */ = {isa = PBXFileReference; lastKnownFileType = sourcecode.swift; path = LandmarksUITestsLaunchTests.swift; sourceTree = "<group>"; };
		54E38EE42BE08A7500E2DDC8 /* Landmark.swift */ = {isa = PBXFileReference; lastKnownFileType = sourcecode.swift; path = Landmark.swift; sourceTree = "<group>"; };
		54E38EEA2BE08B5600E2DDC8 /* ModelData.swift */ = {isa = PBXFileReference; lastKnownFileType = sourcecode.swift; path = ModelData.swift; sourceTree = "<group>"; };
		54E8614C2BE0936300176ECE /* landmarkData.json */ = {isa = PBXFileReference; fileEncoding = 4; lastKnownFileType = text.json; path = landmarkData.json; sourceTree = "<group>"; };
		54FF2CB92BE08C7E00A2DFB0 /* ContentView.swift */ = {isa = PBXFileReference; lastKnownFileType = sourcecode.swift; path = ContentView.swift; sourceTree = "<group>"; };
		54FF2CBF2BE08F2E00A2DFB0 /* LandmarkRow.swift */ = {isa = PBXFileReference; lastKnownFileType = sourcecode.swift; path = LandmarkRow.swift; sourceTree = "<group>"; };
/* End PBXFileReference section */

/* Begin PBXFrameworksBuildPhase section */
		54E38EAE2BE085C600E2DDC8 /* Frameworks */ = {
			isa = PBXFrameworksBuildPhase;
			buildActionMask = 2147483647;
			files = (
			);
			runOnlyForDeploymentPostprocessing = 0;
		};
		54E38EBE2BE085C700E2DDC8 /* Frameworks */ = {
			isa = PBXFrameworksBuildPhase;
			buildActionMask = 2147483647;
			files = (
			);
			runOnlyForDeploymentPostprocessing = 0;
		};
		54E38EC82BE085C700E2DDC8 /* Frameworks */ = {
			isa = PBXFrameworksBuildPhase;
			buildActionMask = 2147483647;
			files = (
			);
			runOnlyForDeploymentPostprocessing = 0;
		};
/* End PBXFrameworksBuildPhase section */

/* Begin PBXGroup section */
		54AC5F162BE08C170092761A /* Views */ = {
			isa = PBXGroup;
			children = (
				54DDAD8A2BE368530088F2B3 /* Hikes */,
				54FF2CB92BE08C7E00A2DFB0 /* ContentView.swift */,
				54DDAD772BE363D50088F2B3 /* Badges */,
				54E861512BE0B54A00176ECE /* Helper */,
				54E861522BE0B55F00176ECE /* Landmarks */,
			);
			path = Views;
			sourceTree = "<group>";
		};
		54DDAD772BE363D50088F2B3 /* Badges */ = {
			isa = PBXGroup;
			children = (
				54DDAD752BE363A90088F2B3 /* Badge.swift */,
				54DDAD782BE364990088F2B3 /* BadgeBackground.swift */,
				54DDAD7A2BE364C50088F2B3 /* BadgeSymbol.swift */,
				54DDAD7C2BE365280088F2B3 /* RotatedBadgeSymbol.swift */,
				54DDAD7E2BE3655A0088F2B3 /* HexagonParameters.swift */,
			);
			path = Badges;
			sourceTree = "<group>";
		};
		54DDAD8A2BE368530088F2B3 /* Hikes */ = {
			isa = PBXGroup;
			children = (
				54DDAD862BE368530088F2B3 /* GraphCapsule.swift */,
				54DDAD872BE368530088F2B3 /* HikeDetail.swift */,
				54DDAD882BE368530088F2B3 /* HikeGraph.swift */,
				54DDAD892BE368530088F2B3 /* HikeView.swift */,
			);
			path = Hikes;
			sourceTree = "<group>";
		};
		54E38EA82BE085C600E2DDC8 = {
			isa = PBXGroup;
			children = (
				54AC5F162BE08C170092761A /* Views */,
				54E38EE82BE08AF900E2DDC8 /* Resources */,
				54E38EE72BE08AD200E2DDC8 /* Model */,
				54E38EB32BE085C600E2DDC8 /* Landmarks */,
				54E38EC42BE085C700E2DDC8 /* LandmarksTests */,
				54E38ECE2BE085C700E2DDC8 /* LandmarksUITests */,
				54E38EB22BE085C600E2DDC8 /* Products */,
			);
			sourceTree = "<group>";
		};
		54E38EB22BE085C600E2DDC8 /* Products */ = {
			isa = PBXGroup;
			children = (
				54E38EB12BE085C600E2DDC8 /* Landmarks.app */,
				54E38EC12BE085C700E2DDC8 /* LandmarksTests.xctest */,
				54E38ECB2BE085C700E2DDC8 /* LandmarksUITests.xctest */,
			);
			name = Products;
			sourceTree = "<group>";
		};
		54E38EB32BE085C600E2DDC8 /* Landmarks */ = {
			isa = PBXGroup;
			children = (
				54E38EB42BE085C600E2DDC8 /* LandmarksApp.swift */,
				54E38EB82BE085C700E2DDC8 /* Assets.xcassets */,
				54E38EBA2BE085C700E2DDC8 /* Preview Content */,
			);
			path = Landmarks;
			sourceTree = "<group>";
		};
		54E38EBA2BE085C700E2DDC8 /* Preview Content */ = {
			isa = PBXGroup;
			children = (
				54E38EBB2BE085C700E2DDC8 /* Preview Assets.xcassets */,
			);
			path = "Preview Content";
			sourceTree = "<group>";
		};
		54E38EC42BE085C700E2DDC8 /* LandmarksTests */ = {
			isa = PBXGroup;
			children = (
				54E38EC52BE085C700E2DDC8 /* LandmarksTests.swift */,
			);
			path = LandmarksTests;
			sourceTree = "<group>";
		};
		54E38ECE2BE085C700E2DDC8 /* LandmarksUITests */ = {
			isa = PBXGroup;
			children = (
				54E38ECF2BE085C700E2DDC8 /* LandmarksUITests.swift */,
				54E38ED12BE085C700E2DDC8 /* LandmarksUITestsLaunchTests.swift */,
			);
			path = LandmarksUITests;
			sourceTree = "<group>";
		};
		54E38EE72BE08AD200E2DDC8 /* Model */ = {
			isa = PBXGroup;
			children = (
				54E38EE42BE08A7500E2DDC8 /* Landmark.swift */,
				54E38EEA2BE08B5600E2DDC8 /* ModelData.swift */,
				54DDAD842BE366350088F2B3 /* Hike.swift */,
			);
			path = Model;
			sourceTree = "<group>";
		};
		54E38EE82BE08AF900E2DDC8 /* Resources */ = {
			isa = PBXGroup;
			children = (
				54DDAD802BE366160088F2B3 /* hikeData.json */,
				54E8614C2BE0936300176ECE /* landmarkData.json */,
			);
			path = Resources;
			sourceTree = "<group>";
		};
		54E861512BE0B54A00176ECE /* Helper */ = {
			isa = PBXGroup;
			children = (
				54DDAD672BE0B6C40088F2B3 /* CircleImage.swift */,
				54DDAD692BE0B6E50088F2B3 /* MapView.swift */,
				54DDAD6B2BE0B7170088F2B3 /* FavoriteButton.swift */,
			);
			name = Helper;
			path = ../Helper;
			sourceTree = "<group>";
		};
		54E861522BE0B55F00176ECE /* Landmarks */ = {
			isa = PBXGroup;
			children = (
				54A9BA562BE0915B00DC5F7B /* LandmarkList.swift */,
				54A9BA582BE0918A00DC5F7B /* LandmarkDetail.swift */,
				54FF2CBF2BE08F2E00A2DFB0 /* LandmarkRow.swift */,
			);
			path = Landmarks;
			sourceTree = "<group>";
		};
/* End PBXGroup section */

/* Begin PBXNativeTarget section */
		54E38EB02BE085C600E2DDC8 /* Landmarks */ = {
			isa = PBXNativeTarget;
			buildConfigurationList = 54E38ED52BE085C700E2DDC8 /* Build configuration list for PBXNativeTarget "Landmarks" */;
			buildPhases = (
				54E38EAD2BE085C600E2DDC8 /* Sources */,
				54E38EAE2BE085C600E2DDC8 /* Frameworks */,
				54E38EAF2BE085C600E2DDC8 /* Resources */,
			);
			buildRules = (
			);
			dependencies = (
			);
			name = Landmarks;
			productName = Landmarks;
			productReference = 54E38EB12BE085C600E2DDC8 /* Landmarks.app */;
			productType = "com.apple.product-type.application";
		};
		54E38EC02BE085C700E2DDC8 /* LandmarksTests */ = {
			isa = PBXNativeTarget;
			buildConfigurationList = 54E38ED82BE085C700E2DDC8 /* Build configuration list for PBXNativeTarget "LandmarksTests" */;
			buildPhases = (
				54E38EBD2BE085C700E2DDC8 /* Sources */,
				54E38EBE2BE085C700E2DDC8 /* Frameworks */,
				54E38EBF2BE085C700E2DDC8 /* Resources */,
			);
			buildRules = (
			);
			dependencies = (
				54E38EC32BE085C700E2DDC8 /* PBXTargetDependency */,
			);
			name = LandmarksTests;
			productName = LandmarksTests;
			productReference = 54E38EC12BE085C700E2DDC8 /* LandmarksTests.xctest */;
			productType = "com.apple.product-type.bundle.unit-test";
		};
		54E38ECA2BE085C700E2DDC8 /* LandmarksUITests */ = {
			isa = PBXNativeTarget;
			buildConfigurationList = 54E38EDB2BE085C700E2DDC8 /* Build configuration list for PBXNativeTarget "LandmarksUITests" */;
			buildPhases = (
				54E38EC72BE085C700E2DDC8 /* Sources */,
				54E38EC82BE085C700E2DDC8 /* Frameworks */,
				54E38EC92BE085C700E2DDC8 /* Resources */,
			);
			buildRules = (
			);
			dependencies = (
				54E38ECD2BE085C700E2DDC8 /* PBXTargetDependency */,
			);
			name = LandmarksUITests;
			productName = LandmarksUITests;
			productReference = 54E38ECB2BE085C700E2DDC8 /* LandmarksUITests.xctest */;
			productType = "com.apple.product-type.bundle.ui-testing";
		};
/* End PBXNativeTarget section */

/* Begin PBXProject section */
		54E38EA92BE085C600E2DDC8 /* Project object */ = {
			isa = PBXProject;
			attributes = {
				BuildIndependentTargetsInParallel = 1;
				LastSwiftUpdateCheck = 1530;
				LastUpgradeCheck = 1530;
				TargetAttributes = {
					54E38EB02BE085C600E2DDC8 = {
						CreatedOnToolsVersion = 15.3;
					};
					54E38EC02BE085C700E2DDC8 = {
						CreatedOnToolsVersion = 15.3;
						TestTargetID = 54E38EB02BE085C600E2DDC8;
					};
					54E38ECA2BE085C700E2DDC8 = {
						CreatedOnToolsVersion = 15.3;
						TestTargetID = 54E38EB02BE085C600E2DDC8;
					};
				};
			};
			buildConfigurationList = 54E38EAC2BE085C600E2DDC8 /* Build configuration list for PBXProject "Landmarks" */;
			compatibilityVersion = "Xcode 14.0";
			developmentRegion = en;
			hasScannedForEncodings = 0;
			knownRegions = (
				en,
				Base,
			);
			mainGroup = 54E38EA82BE085C600E2DDC8;
			productRefGroup = 54E38EB22BE085C600E2DDC8 /* Products */;
			projectDirPath = "";
			projectRoot = "";
			targets = (
				54E38EB02BE085C600E2DDC8 /* Landmarks */,
				54E38EC02BE085C700E2DDC8 /* LandmarksTests */,
				54E38ECA2BE085C700E2DDC8 /* LandmarksUITests */,
			);
		};
/* End PBXProject section */

/* Begin PBXResourcesBuildPhase section */
		54E38EAF2BE085C600E2DDC8 /* Resources */ = {
			isa = PBXResourcesBuildPhase;
			buildActionMask = 2147483647;
			files = (
				54DDAD812BE366160088F2B3 /* hikeData.json in Resources */,
				54E38EBC2BE085C700E2DDC8 /* Preview Assets.xcassets in Resources */,
				54E38EB92BE085C700E2DDC8 /* Assets.xcassets in Resources */,
				54E8614D2BE0936300176ECE /* landmarkData.json in Resources */,
			);
			runOnlyForDeploymentPostprocessing = 0;
		};
		54E38EBF2BE085C700E2DDC8 /* Resources */ = {
			isa = PBXResourcesBuildPhase;
			buildActionMask = 2147483647;
			files = (
			);
			runOnlyForDeploymentPostprocessing = 0;
		};
		54E38EC92BE085C700E2DDC8 /* Resources */ = {
			isa = PBXResourcesBuildPhase;
			buildActionMask = 2147483647;
			files = (
			);
			runOnlyForDeploymentPostprocessing = 0;
		};
/* End PBXResourcesBuildPhase section */

/* Begin PBXSourcesBuildPhase section */
		54E38EAD2BE085C600E2DDC8 /* Sources */ = {
			isa = PBXSourcesBuildPhase;
			buildActionMask = 2147483647;
			files = (
				54DDAD7F2BE3655A0088F2B3 /* HexagonParameters.swift in Sources */,
				54E38EB52BE085C600E2DDC8 /* LandmarksApp.swift in Sources */,
				54DDAD762BE363A90088F2B3 /* Badge.swift in Sources */,
				54DDAD8B2BE368530088F2B3 /* GraphCapsule.swift in Sources */,
				54DDAD8D2BE368530088F2B3 /* HikeGraph.swift in Sources */,
				54E38EEB2BE08B5600E2DDC8 /* ModelData.swift in Sources */,
				54A9BA572BE0915B00DC5F7B /* LandmarkList.swift in Sources */,
				54DDAD6C2BE0B7170088F2B3 /* FavoriteButton.swift in Sources */,
				54DDAD852BE366350088F2B3 /* Hike.swift in Sources */,
				54A9BA592BE0918A00DC5F7B /* LandmarkDetail.swift in Sources */,
				54DDAD7B2BE364C50088F2B3 /* BadgeSymbol.swift in Sources */,
				54DDAD7D2BE365280088F2B3 /* RotatedBadgeSymbol.swift in Sources */,
				54DDAD8C2BE368530088F2B3 /* HikeDetail.swift in Sources */,
				54DDAD8E2BE368530088F2B3 /* HikeView.swift in Sources */,
				54FF2CBA2BE08C7E00A2DFB0 /* ContentView.swift in Sources */,
				54E38EE52BE08A7500E2DDC8 /* Landmark.swift in Sources */,
				54DDAD6A2BE0B6E50088F2B3 /* MapView.swift in Sources */,
				54FF2CC02BE08F2E00A2DFB0 /* LandmarkRow.swift in Sources */,
				54DDAD792BE364990088F2B3 /* BadgeBackground.swift in Sources */,
				54DDAD682BE0B6C40088F2B3 /* CircleImage.swift in Sources */,
			);
			runOnlyForDeploymentPostprocessing = 0;
		};
		54E38EBD2BE085C700E2DDC8 /* Sources */ = {
			isa = PBXSourcesBuildPhase;
			buildActionMask = 2147483647;
			files = (
				54E38EC62BE085C700E2DDC8 /* LandmarksTests.swift in Sources */,
			);
			runOnlyForDeploymentPostprocessing = 0;
		};
		54E38EC72BE085C700E2DDC8 /* Sources */ = {
			isa = PBXSourcesBuildPhase;
			buildActionMask = 2147483647;
			files = (
				54E38ED22BE085C700E2DDC8 /* LandmarksUITestsLaunchTests.swift in Sources */,
				54E38ED02BE085C700E2DDC8 /* LandmarksUITests.swift in Sources */,
			);
			runOnlyForDeploymentPostprocessing = 0;
		};
/* End PBXSourcesBuildPhase section */

/* Begin PBXTargetDependency section */
		54E38EC32BE085C700E2DDC8 /* PBXTargetDependency */ = {
			isa = PBXTargetDependency;
			target = 54E38EB02BE085C600E2DDC8 /* Landmarks */;
			targetProxy = 54E38EC22BE085C700E2DDC8 /* PBXContainerItemProxy */;
		};
		54E38ECD2BE085C700E2DDC8 /* PBXTargetDependency */ = {
			isa = PBXTargetDependency;
			target = 54E38EB02BE085C600E2DDC8 /* Landmarks */;
			targetProxy = 54E38ECC2BE085C700E2DDC8 /* PBXContainerItemProxy */;
		};
/* End PBXTargetDependency section */

/* Begin XCBuildConfiguration section */
		54E38ED32BE085C700E2DDC8 /* Debug */ = {
			isa = XCBuildConfiguration;
			buildSettings = {
				ALWAYS_SEARCH_USER_PATHS = NO;
				ASSETCATALOG_COMPILER_GENERATE_SWIFT_ASSET_SYMBOL_EXTENSIONS = YES;
				CLANG_ANALYZER_NONNULL = YES;
				CLANG_ANALYZER_NUMBER_OBJECT_CONVERSION = YES_AGGRESSIVE;
				CLANG_CXX_LANGUAGE_STANDARD = "gnu++20";
				CLANG_ENABLE_MODULES = YES;
				CLANG_ENABLE_OBJC_ARC = YES;
				CLANG_ENABLE_OBJC_WEAK = YES;
				CLANG_WARN_BLOCK_CAPTURE_AUTORELEASING = YES;
				CLANG_WARN_BOOL_CONVERSION = YES;
				CLANG_WARN_COMMA = YES;
				CLANG_WARN_CONSTANT_CONVERSION = YES;
				CLANG_WARN_DEPRECATED_OBJC_IMPLEMENTATIONS = YES;
				CLANG_WARN_DIRECT_OBJC_ISA_USAGE = YES_ERROR;
				CLANG_WARN_DOCUMENTATION_COMMENTS = YES;
				CLANG_WARN_EMPTY_BODY = YES;
				CLANG_WARN_ENUM_CONVERSION = YES;
				CLANG_WARN_INFINITE_RECURSION = YES;
				CLANG_WARN_INT_CONVERSION = YES;
				CLANG_WARN_NON_LITERAL_NULL_CONVERSION = YES;
				CLANG_WARN_OBJC_IMPLICIT_RETAIN_SELF = YES;
				CLANG_WARN_OBJC_LITERAL_CONVERSION = YES;
				CLANG_WARN_OBJC_ROOT_CLASS = YES_ERROR;
				CLANG_WARN_QUOTED_INCLUDE_IN_FRAMEWORK_HEADER = YES;
				CLANG_WARN_RANGE_LOOP_ANALYSIS = YES;
				CLANG_WARN_STRICT_PROTOTYPES = YES;
				CLANG_WARN_SUSPICIOUS_MOVE = YES;
				CLANG_WARN_UNGUARDED_AVAILABILITY = YES_AGGRESSIVE;
				CLANG_WARN_UNREACHABLE_CODE = YES;
				CLANG_WARN__DUPLICATE_METHOD_MATCH = YES;
				COPY_PHASE_STRIP = NO;
				DEBUG_INFORMATION_FORMAT = dwarf;
				ENABLE_STRICT_OBJC_MSGSEND = YES;
				ENABLE_TESTABILITY = YES;
				ENABLE_USER_SCRIPT_SANDBOXING = YES;
				GCC_C_LANGUAGE_STANDARD = gnu17;
				GCC_DYNAMIC_NO_PIC = NO;
				GCC_NO_COMMON_BLOCKS = YES;
				GCC_OPTIMIZATION_LEVEL = 0;
				GCC_PREPROCESSOR_DEFINITIONS = (
					"DEBUG=1",
					"$(inherited)",
				);
				GCC_WARN_64_TO_32_BIT_CONVERSION = YES;
				GCC_WARN_ABOUT_RETURN_TYPE = YES_ERROR;
				GCC_WARN_UNDECLARED_SELECTOR = YES;
				GCC_WARN_UNINITIALIZED_AUTOS = YES_AGGRESSIVE;
				GCC_WARN_UNUSED_FUNCTION = YES;
				GCC_WARN_UNUSED_VARIABLE = YES;
				IPHONEOS_DEPLOYMENT_TARGET = 17.4;
				LOCALIZATION_PREFERS_STRING_CATALOGS = YES;
				MTL_ENABLE_DEBUG_INFO = INCLUDE_SOURCE;
				MTL_FAST_MATH = YES;
				ONLY_ACTIVE_ARCH = YES;
				SDKROOT = iphoneos;
				SWIFT_ACTIVE_COMPILATION_CONDITIONS = "DEBUG $(inherited)";
				SWIFT_OPTIMIZATION_LEVEL = "-Onone";
			};
			name = Debug;
		};
		54E38ED42BE085C700E2DDC8 /* Release */ = {
			isa = XCBuildConfiguration;
			buildSettings = {
				ALWAYS_SEARCH_USER_PATHS = NO;
				ASSETCATALOG_COMPILER_GENERATE_SWIFT_ASSET_SYMBOL_EXTENSIONS = YES;
				CLANG_ANALYZER_NONNULL = YES;
				CLANG_ANALYZER_NUMBER_OBJECT_CONVERSION = YES_AGGRESSIVE;
				CLANG_CXX_LANGUAGE_STANDARD = "gnu++20";
				CLANG_ENABLE_MODULES = YES;
				CLANG_ENABLE_OBJC_ARC = YES;
				CLANG_ENABLE_OBJC_WEAK = YES;
				CLANG_WARN_BLOCK_CAPTURE_AUTORELEASING = YES;
				CLANG_WARN_BOOL_CONVERSION = YES;
				CLANG_WARN_COMMA = YES;
				CLANG_WARN_CONSTANT_CONVERSION = YES;
				CLANG_WARN_DEPRECATED_OBJC_IMPLEMENTATIONS = YES;
				CLANG_WARN_DIRECT_OBJC_ISA_USAGE = YES_ERROR;
				CLANG_WARN_DOCUMENTATION_COMMENTS = YES;
				CLANG_WARN_EMPTY_BODY = YES;
				CLANG_WARN_ENUM_CONVERSION = YES;
				CLANG_WARN_INFINITE_RECURSION = YES;
				CLANG_WARN_INT_CONVERSION = YES;
				CLANG_WARN_NON_LITERAL_NULL_CONVERSION = YES;
				CLANG_WARN_OBJC_IMPLICIT_RETAIN_SELF = YES;
				CLANG_WARN_OBJC_LITERAL_CONVERSION = YES;
				CLANG_WARN_OBJC_ROOT_CLASS = YES_ERROR;
				CLANG_WARN_QUOTED_INCLUDE_IN_FRAMEWORK_HEADER = YES;
				CLANG_WARN_RANGE_LOOP_ANALYSIS = YES;
				CLANG_WARN_STRICT_PROTOTYPES = YES;
				CLANG_WARN_SUSPICIOUS_MOVE = YES;
				CLANG_WARN_UNGUARDED_AVAILABILITY = YES_AGGRESSIVE;
				CLANG_WARN_UNREACHABLE_CODE = YES;
				CLANG_WARN__DUPLICATE_METHOD_MATCH = YES;
				COPY_PHASE_STRIP = NO;
				DEBUG_INFORMATION_FORMAT = "dwarf-with-dsym";
				ENABLE_NS_ASSERTIONS = NO;
				ENABLE_STRICT_OBJC_MSGSEND = YES;
				ENABLE_USER_SCRIPT_SANDBOXING = YES;
				GCC_C_LANGUAGE_STANDARD = gnu17;
				GCC_NO_COMMON_BLOCKS = YES;
				GCC_WARN_64_TO_32_BIT_CONVERSION = YES;
				GCC_WARN_ABOUT_RETURN_TYPE = YES_ERROR;
				GCC_WARN_UNDECLARED_SELECTOR = YES;
				GCC_WARN_UNINITIALIZED_AUTOS = YES_AGGRESSIVE;
				GCC_WARN_UNUSED_FUNCTION = YES;
				GCC_WARN_UNUSED_VARIABLE = YES;
				IPHONEOS_DEPLOYMENT_TARGET = 17.4;
				LOCALIZATION_PREFERS_STRING_CATALOGS = YES;
				MTL_ENABLE_DEBUG_INFO = NO;
				MTL_FAST_MATH = YES;
				SDKROOT = iphoneos;
				SWIFT_COMPILATION_MODE = wholemodule;
				VALIDATE_PRODUCT = YES;
			};
			name = Release;
		};
		54E38ED62BE085C700E2DDC8 /* Debug */ = {
			isa = XCBuildConfiguration;
			buildSettings = {
				ASSETCATALOG_COMPILER_APPICON_NAME = AppIcon;
				ASSETCATALOG_COMPILER_GLOBAL_ACCENT_COLOR_NAME = AccentColor;
				CODE_SIGN_STYLE = Automatic;
				CURRENT_PROJECT_VERSION = 1;
				DEVELOPMENT_ASSET_PATHS = "\"Landmarks/Preview Content\"";
				ENABLE_PREVIEWS = YES;
				GENERATE_INFOPLIST_FILE = YES;
				INFOPLIST_KEY_UIApplicationSceneManifest_Generation = YES;
				INFOPLIST_KEY_UIApplicationSupportsIndirectInputEvents = YES;
				INFOPLIST_KEY_UILaunchScreen_Generation = YES;
				INFOPLIST_KEY_UISupportedInterfaceOrientations_iPad = "UIInterfaceOrientationPortrait UIInterfaceOrientationPortraitUpsideDown UIInterfaceOrientationLandscapeLeft UIInterfaceOrientationLandscapeRight";
				INFOPLIST_KEY_UISupportedInterfaceOrientations_iPhone = "UIInterfaceOrientationPortrait UIInterfaceOrientationLandscapeLeft UIInterfaceOrientationLandscapeRight";
				LD_RUNPATH_SEARCH_PATHS = (
					"$(inherited)",
					"@executable_path/Frameworks",
				);
				MARKETING_VERSION = 1.0;
				PRODUCT_BUNDLE_IDENTIFIER = MAD.Landmarks;
				PRODUCT_NAME = "$(TARGET_NAME)";
				SWIFT_EMIT_LOC_STRINGS = YES;
				SWIFT_VERSION = 5.0;
				TARGETED_DEVICE_FAMILY = "1,2";
			};
			name = Debug;
		};
		54E38ED72BE085C700E2DDC8 /* Release */ = {
			isa = XCBuildConfiguration;
			buildSettings = {
				ASSETCATALOG_COMPILER_APPICON_NAME = AppIcon;
				ASSETCATALOG_COMPILER_GLOBAL_ACCENT_COLOR_NAME = AccentColor;
				CODE_SIGN_STYLE = Automatic;
				CURRENT_PROJECT_VERSION = 1;
				DEVELOPMENT_ASSET_PATHS = "\"Landmarks/Preview Content\"";
				ENABLE_PREVIEWS = YES;
				GENERATE_INFOPLIST_FILE = YES;
				INFOPLIST_KEY_UIApplicationSceneManifest_Generation = YES;
				INFOPLIST_KEY_UIApplicationSupportsIndirectInputEvents = YES;
				INFOPLIST_KEY_UILaunchScreen_Generation = YES;
				INFOPLIST_KEY_UISupportedInterfaceOrientations_iPad = "UIInterfaceOrientationPortrait UIInterfaceOrientationPortraitUpsideDown UIInterfaceOrientationLandscapeLeft UIInterfaceOrientationLandscapeRight";
				INFOPLIST_KEY_UISupportedInterfaceOrientations_iPhone = "UIInterfaceOrientationPortrait UIInterfaceOrientationLandscapeLeft UIInterfaceOrientationLandscapeRight";
				LD_RUNPATH_SEARCH_PATHS = (
					"$(inherited)",
					"@executable_path/Frameworks",
				);
				MARKETING_VERSION = 1.0;
				PRODUCT_BUNDLE_IDENTIFIER = MAD.Landmarks;
				PRODUCT_NAME = "$(TARGET_NAME)";
				SWIFT_EMIT_LOC_STRINGS = YES;
				SWIFT_VERSION = 5.0;
				TARGETED_DEVICE_FAMILY = "1,2";
			};
			name = Release;
		};
		54E38ED92BE085C700E2DDC8 /* Debug */ = {
			isa = XCBuildConfiguration;
			buildSettings = {
				ALWAYS_EMBED_SWIFT_STANDARD_LIBRARIES = YES;
				BUNDLE_LOADER = "$(TEST_HOST)";
				CODE_SIGN_STYLE = Automatic;
				CURRENT_PROJECT_VERSION = 1;
				GENERATE_INFOPLIST_FILE = YES;
				IPHONEOS_DEPLOYMENT_TARGET = 17.4;
				MARKETING_VERSION = 1.0;
				PRODUCT_BUNDLE_IDENTIFIER = MAD.LandmarksTests;
				PRODUCT_NAME = "$(TARGET_NAME)";
				SWIFT_EMIT_LOC_STRINGS = NO;
				SWIFT_VERSION = 5.0;
				TARGETED_DEVICE_FAMILY = "1,2";
				TEST_HOST = "$(BUILT_PRODUCTS_DIR)/Landmarks.app/$(BUNDLE_EXECUTABLE_FOLDER_PATH)/Landmarks";
			};
			name = Debug;
		};
		54E38EDA2BE085C700E2DDC8 /* Release */ = {
			isa = XCBuildConfiguration;
			buildSettings = {
				ALWAYS_EMBED_SWIFT_STANDARD_LIBRARIES = YES;
				BUNDLE_LOADER = "$(TEST_HOST)";
				CODE_SIGN_STYLE = Automatic;
				CURRENT_PROJECT_VERSION = 1;
				GENERATE_INFOPLIST_FILE = YES;
				IPHONEOS_DEPLOYMENT_TARGET = 17.4;
				MARKETING_VERSION = 1.0;
				PRODUCT_BUNDLE_IDENTIFIER = MAD.LandmarksTests;
				PRODUCT_NAME = "$(TARGET_NAME)";
				SWIFT_EMIT_LOC_STRINGS = NO;
				SWIFT_VERSION = 5.0;
				TARGETED_DEVICE_FAMILY = "1,2";
				TEST_HOST = "$(BUILT_PRODUCTS_DIR)/Landmarks.app/$(BUNDLE_EXECUTABLE_FOLDER_PATH)/Landmarks";
			};
			name = Release;
		};
		54E38EDC2BE085C700E2DDC8 /* Debug */ = {
			isa = XCBuildConfiguration;
			buildSettings = {
				ALWAYS_EMBED_SWIFT_STANDARD_LIBRARIES = YES;
				CODE_SIGN_STYLE = Automatic;
				CURRENT_PROJECT_VERSION = 1;
				GENERATE_INFOPLIST_FILE = YES;
				MARKETING_VERSION = 1.0;
				PRODUCT_BUNDLE_IDENTIFIER = MAD.LandmarksUITests;
				PRODUCT_NAME = "$(TARGET_NAME)";
				SWIFT_EMIT_LOC_STRINGS = NO;
				SWIFT_VERSION = 5.0;
				TARGETED_DEVICE_FAMILY = "1,2";
				TEST_TARGET_NAME = Landmarks;
			};
			name = Debug;
		};
		54E38EDD2BE085C700E2DDC8 /* Release */ = {
			isa = XCBuildConfiguration;
			buildSettings = {
				ALWAYS_EMBED_SWIFT_STANDARD_LIBRARIES = YES;
				CODE_SIGN_STYLE = Automatic;
				CURRENT_PROJECT_VERSION = 1;
				GENERATE_INFOPLIST_FILE = YES;
				MARKETING_VERSION = 1.0;
				PRODUCT_BUNDLE_IDENTIFIER = MAD.LandmarksUITests;
				PRODUCT_NAME = "$(TARGET_NAME)";
				SWIFT_EMIT_LOC_STRINGS = NO;
				SWIFT_VERSION = 5.0;
				TARGETED_DEVICE_FAMILY = "1,2";
				TEST_TARGET_NAME = Landmarks;
			};
			name = Release;
		};
/* End XCBuildConfiguration section */

/* Begin XCConfigurationList section */
		54E38EAC2BE085C600E2DDC8 /* Build configuration list for PBXProject "Landmarks" */ = {
			isa = XCConfigurationList;
			buildConfigurations = (
				54E38ED32BE085C700E2DDC8 /* Debug */,
				54E38ED42BE085C700E2DDC8 /* Release */,
			);
			defaultConfigurationIsVisible = 0;
			defaultConfigurationName = Release;
		};
		54E38ED52BE085C700E2DDC8 /* Build configuration list for PBXNativeTarget "Landmarks" */ = {
			isa = XCConfigurationList;
			buildConfigurations = (
				54E38ED62BE085C700E2DDC8 /* Debug */,
				54E38ED72BE085C700E2DDC8 /* Release */,
			);
			defaultConfigurationIsVisible = 0;
			defaultConfigurationName = Release;
		};
		54E38ED82BE085C700E2DDC8 /* Build configuration list for PBXNativeTarget "LandmarksTests" */ = {
			isa = XCConfigurationList;
			buildConfigurations = (
				54E38ED92BE085C700E2DDC8 /* Debug */,
				54E38EDA2BE085C700E2DDC8 /* Release */,
			);
			defaultConfigurationIsVisible = 0;
			defaultConfigurationName = Release;
		};
		54E38EDB2BE085C700E2DDC8 /* Build configuration list for PBXNativeTarget "LandmarksUITests" */ = {
			isa = XCConfigurationList;
			buildConfigurations = (
				54E38EDC2BE085C700E2DDC8 /* Debug */,
				54E38EDD2BE085C700E2DDC8 /* Release */,
			);
			defaultConfigurationIsVisible = 0;
			defaultConfigurationName = Release;
		};
/* End XCConfigurationList section */
	};
	rootObject = 54E38EA92BE085C600E2DDC8 /* Project object */;
}
